// !$*UTF8*$!
{
	archiveVersion = 1;
	classes = {
	};
	objectVersion = 48;
	objects = {

/* Begin PBXBuildFile section */
		B191F9C1205A82F3009475DB /* 9,24.cpp in Sources */ = {isa = PBXBuildFile; fileRef = B191F9B3205A82EF009475DB /* 9,24.cpp */; };
		B191F9C3205A82F3009475DB /* 6,21.cpp in Sources */ = {isa = PBXBuildFile; fileRef = B191F9B5205A82F0009475DB /* 6,21.cpp */; };
		B191F9C4205A82F3009475DB /* 11,26.cpp in Sources */ = {isa = PBXBuildFile; fileRef = B191F9B6205A82F0009475DB /* 11,26.cpp */; };
		B191F9C5205A82F3009475DB /* 13,28.cpp in Sources */ = {isa = PBXBuildFile; fileRef = B191F9B7205A82F0009475DB /* 13,28.cpp */; };
		B191F9C7205A82F3009475DB /* 7,22.cpp in Sources */ = {isa = PBXBuildFile; fileRef = B191F9B9205A82F1009475DB /* 7,22.cpp */; };
		B191F9C9205A82F3009475DB /* 10,25.cpp in Sources */ = {isa = PBXBuildFile; fileRef = B191F9BB205A82F1009475DB /* 10,25.cpp */; };
		B191F9CA205A82F3009475DB /* 12,27.cpp in Sources */ = {isa = PBXBuildFile; fileRef = B191F9BC205A82F1009475DB /* 12,27.cpp */; };
		B191F9CB205A82F3009475DB /* 15,30.cpp in Sources */ = {isa = PBXBuildFile; fileRef = B191F9BD205A82F2009475DB /* 15,30.cpp */; };
		B191F9CC205A82F3009475DB /* 8,23.cpp in Sources */ = {isa = PBXBuildFile; fileRef = B191F9BE205A82F2009475DB /* 8,23.cpp */; };
		B191F9CD205A82F3009475DB /* 14,29.cpp in Sources */ = {isa = PBXBuildFile; fileRef = B191F9BF205A82F2009475DB /* 14,29.cpp */; };
/* End PBXBuildFile section */

/* Begin PBXCopyFilesBuildPhase section */
		B13457072059A59700F46F2E /* CopyFiles */ = {
			isa = PBXCopyFilesBuildPhase;
			buildActionMask = 2147483647;
			dstPath = /usr/share/man/man1/;
			dstSubfolderSpec = 0;
			files = (
			);
			runOnlyForDeploymentPostprocessing = 1;
		};
/* End PBXCopyFilesBuildPhase section */

/* Begin PBXFileReference section */
		B13457092059A59700F46F2E /* LaboratoryWorks1 */ = {isa = PBXFileReference; explicitFileType = "compiled.mach-o.executable"; includeInIndex = 0; path = LaboratoryWorks1; sourceTree = BUILT_PRODUCTS_DIR; };
		B191F9B3205A82EF009475DB /* 9,24.cpp */ = {isa = PBXFileReference; fileEncoding = 4; lastKnownFileType = sourcecode.cpp.cpp; path = "9,24.cpp"; sourceTree = "<group>"; };
		B191F9B5205A82F0009475DB /* 6,21.cpp */ = {isa = PBXFileReference; fileEncoding = 4; lastKnownFileType = sourcecode.cpp.cpp; path = "6,21.cpp"; sourceTree = "<group>"; };
		B191F9B6205A82F0009475DB /* 11,26.cpp */ = {isa = PBXFileReference; fileEncoding = 4; lastKnownFileType = sourcecode.cpp.cpp; path = "11,26.cpp"; sourceTree = "<group>"; };
		B191F9B7205A82F0009475DB /* 13,28.cpp */ = {isa = PBXFileReference; fileEncoding = 4; lastKnownFileType = sourcecode.cpp.cpp; path = "13,28.cpp"; sourceTree = "<group>"; };
		B191F9B9205A82F1009475DB /* 7,22.cpp */ = {isa = PBXFileReference; fileEncoding = 4; lastKnownFileType = sourcecode.cpp.cpp; path = "7,22.cpp"; sourceTree = "<group>"; };
		B191F9BB205A82F1009475DB /* 10,25.cpp */ = {isa = PBXFileReference; fileEncoding = 4; lastKnownFileType = sourcecode.cpp.cpp; path = "10,25.cpp"; sourceTree = "<group>"; };
		B191F9BC205A82F1009475DB /* 12,27.cpp */ = {isa = PBXFileReference; fileEncoding = 4; lastKnownFileType = sourcecode.cpp.cpp; path = "12,27.cpp"; sourceTree = "<group>"; };
		B191F9BD205A82F2009475DB /* 15,30.cpp */ = {isa = PBXFileReference; fileEncoding = 4; lastKnownFileType = sourcecode.cpp.cpp; path = "15,30.cpp"; sourceTree = "<group>"; };
		B191F9BE205A82F2009475DB /* 8,23.cpp */ = {isa = PBXFileReference; fileEncoding = 4; lastKnownFileType = sourcecode.cpp.cpp; path = "8,23.cpp"; sourceTree = "<group>"; };
		B191F9BF205A82F2009475DB /* 14,29.cpp */ = {isa = PBXFileReference; fileEncoding = 4; lastKnownFileType = sourcecode.cpp.cpp; path = "14,29.cpp"; sourceTree = "<group>"; };
/* End PBXFileReference section */

/* Begin PBXFrameworksBuildPhase section */
		B13457062059A59700F46F2E /* Frameworks */ = {
			isa = PBXFrameworksBuildPhase;
			buildActionMask = 2147483647;
			files = (
			);
			runOnlyForDeploymentPostprocessing = 0;
		};
/* End PBXFrameworksBuildPhase section */

/* Begin PBXGroup section */
		B13457002059A59700F46F2E = {
			isa = PBXGroup;
			children = (
				B134570B2059A59700F46F2E /* LaboratoryWorks1 */,
				B134570A2059A59700F46F2E /* Products */,
			);
			sourceTree = "<group>";
		};
		B134570A2059A59700F46F2E /* Products */ = {
			isa = PBXGroup;
			children = (
				B13457092059A59700F46F2E /* LaboratoryWorks1 */,
			);
			name = Products;
			sourceTree = "<group>";
		};
		B134570B2059A59700F46F2E /* LaboratoryWorks1 */ = {
			isa = PBXGroup;
			children = (
				B191F9B5205A82F0009475DB /* 6,21.cpp */,
				B191F9B9205A82F1009475DB /* 7,22.cpp */,
				B191F9BE205A82F2009475DB /* 8,23.cpp */,
				B191F9B3205A82EF009475DB /* 9,24.cpp */,
				B191F9BB205A82F1009475DB /* 10,25.cpp */,
				B191F9B6205A82F0009475DB /* 11,26.cpp */,
				B191F9BC205A82F1009475DB /* 12,27.cpp */,
				B191F9B7205A82F0009475DB /* 13,28.cpp */,
				B191F9BF205A82F2009475DB /* 14,29.cpp */,
				B191F9BD205A82F2009475DB /* 15,30.cpp */,
			);
			path = LaboratoryWorks1;
			sourceTree = "<group>";
		};
/* End PBXGroup section */

/* Begin PBXNativeTarget section */
		B13457082059A59700F46F2E /* LaboratoryWorks1 */ = {
			isa = PBXNativeTarget;
			buildConfigurationList = B13457102059A59700F46F2E /* Build configuration list for PBXNativeTarget "LaboratoryWorks1" */;
			buildPhases = (
				B13457052059A59700F46F2E /* Sources */,
				B13457062059A59700F46F2E /* Frameworks */,
				B13457072059A59700F46F2E /* CopyFiles */,
			);
			buildRules = (
			);
			dependencies = (
			);
			name = LaboratoryWorks1;
			productName = LaboratoryWorks1;
			productReference = B13457092059A59700F46F2E /* LaboratoryWorks1 */;
			productType = "com.apple.product-type.tool";
		};
/* End PBXNativeTarget section */

/* Begin PBXProject section */
		B13457012059A59700F46F2E /* Project object */ = {
			isa = PBXProject;
			attributes = {
				LastUpgradeCheck = 0920;
				ORGANIZATIONNAME = yevtea;
				TargetAttributes = {
					B13457082059A59700F46F2E = {
						CreatedOnToolsVersion = 9.2;
						ProvisioningStyle = Automatic;
					};
				};
			};
			buildConfigurationList = B13457042059A59700F46F2E /* Build configuration list for PBXProject "LaboratoryWorks1" */;
			compatibilityVersion = "Xcode 8.0";
			developmentRegion = en;
			hasScannedForEncodings = 0;
			knownRegions = (
				en,
			);
			mainGroup = B13457002059A59700F46F2E;
			productRefGroup = B134570A2059A59700F46F2E /* Products */;
			projectDirPath = "";
			projectRoot = "";
			targets = (
				B13457082059A59700F46F2E /* LaboratoryWorks1 */,
			);
		};
/* End PBXProject section */

/* Begin PBXSourcesBuildPhase section */
		B13457052059A59700F46F2E /* Sources */ = {
			isa = PBXSourcesBuildPhase;
			buildActionMask = 2147483647;
			files = (
				B191F9CD205A82F3009475DB /* 14,29.cpp in Sources */,
				B191F9C7205A82F3009475DB /* 7,22.cpp in Sources */,
				B191F9C1205A82F3009475DB /* 9,24.cpp in Sources */,
				B191F9C9205A82F3009475DB /* 10,25.cpp in Sources */,
				B191F9C5205A82F3009475DB /* 13,28.cpp in Sources */,
				B191F9C4205A82F3009475DB /* 11,26.cpp in Sources */,
				B191F9CC205A82F3009475DB /* 8,23.cpp in Sources */,
				B191F9CB205A82F3009475DB /* 15,30.cpp in Sources */,
				B191F9C3205A82F3009475DB /* 6,21.cpp in Sources */,
				B191F9CA205A82F3009475DB /* 12,27.cpp in Sources */,
			);
			runOnlyForDeploymentPostprocessing = 0;
		};
/* End PBXSourcesBuildPhase section */

/* Begin XCBuildConfiguration section */
		B134570E2059A59700F46F2E /* Debug */ = {
			isa = XCBuildConfiguration;
			buildSettings = {
				ALWAYS_SEARCH_USER_PATHS = NO;
				CLANG_ANALYZER_NONNULL = YES;
				CLANG_ANALYZER_NUMBER_OBJECT_CONVERSION = YES_AGGRESSIVE;
				CLANG_CXX_LANGUAGE_STANDARD = "gnu++14";
				CLANG_CXX_LIBRARY = "libc++";
				CLANG_ENABLE_MODULES = YES;
				CLANG_ENABLE_OBJC_ARC = YES;
				CLANG_WARN_BLOCK_CAPTURE_AUTORELEASING = YES;
				CLANG_WARN_BOOL_CONVERSION = YES;
				CLANG_WARN_COMMA = YES;
				CLANG_WARN_CONSTANT_CONVERSION = YES;
				CLANG_WARN_DIRECT_OBJC_ISA_USAGE = YES_ERROR;
				CLANG_WARN_DOCUMENTATION_COMMENTS = YES;
				CLANG_WARN_EMPTY_BODY = YES;
				CLANG_WARN_ENUM_CONVERSION = YES;
				CLANG_WARN_INFINITE_RECURSION = YES;
				CLANG_WARN_INT_CONVERSION = YES;
				CLANG_WARN_NON_LITERAL_NULL_CONVERSION = YES;
				CLANG_WARN_OBJC_LITERAL_CONVERSION = YES;
				CLANG_WARN_OBJC_ROOT_CLASS = YES_ERROR;
				CLANG_WARN_RANGE_LOOP_ANALYSIS = YES;
				CLANG_WARN_STRICT_PROTOTYPES = YES;
				CLANG_WARN_SUSPICIOUS_MOVE = YES;
				CLANG_WARN_UNGUARDED_AVAILABILITY = YES_AGGRESSIVE;
				CLANG_WARN_UNREACHABLE_CODE = YES;
				CLANG_WARN__DUPLICATE_METHOD_MATCH = YES;
				CODE_SIGN_IDENTITY = "-";
				COPY_PHASE_STRIP = NO;
				DEBUG_INFORMATION_FORMAT = dwarf;
				ENABLE_STRICT_OBJC_MSGSEND = YES;
				ENABLE_TESTABILITY = YES;
				GCC_C_LANGUAGE_STANDARD = gnu11;
				GCC_DYNAMIC_NO_PIC = NO;
				GCC_NO_COMMON_BLOCKS = YES;
				GCC_OPTIMIZATION_LEVEL = 0;
				GCC_PREPROCESSOR_DEFINITIONS = (
					"DEBUG=1",
					"$(inherited)",
				);
				GCC_WARN_64_TO_32_BIT_CONVERSION = YES;
				GCC_WARN_ABOUT_RETURN_TYPE = YES_ERROR;
				GCC_WARN_UNDECLARED_SELECTOR = YES;
				GCC_WARN_UNINITIALIZED_AUTOS = YES_AGGRESSIVE;
				GCC_WARN_UNUSED_FUNCTION = YES;
				GCC_WARN_UNUSED_VARIABLE = YES;
				MACOSX_DEPLOYMENT_TARGET = 10.13;
				MTL_ENABLE_DEBUG_INFO = YES;
				ONLY_ACTIVE_ARCH = YES;
				SDKROOT = macosx;
			};
			name = Debug;
		};
		B134570F2059A59700F46F2E /* Release */ = {
			isa = XCBuildConfiguration;
			buildSettings = {
				ALWAYS_SEARCH_USER_PATHS = NO;
				CLANG_ANALYZER_NONNULL = YES;
				CLANG_ANALYZER_NUMBER_OBJECT_CONVERSION = YES_AGGRESSIVE;
				CLANG_CXX_LANGUAGE_STANDARD = "gnu++14";
				CLANG_CXX_LIBRARY = "libc++";
				CLANG_ENABLE_MODULES = YES;
				CLANG_ENABLE_OBJC_ARC = YES;
				CLANG_WARN_BLOCK_CAPTURE_AUTORELEASING = YES;
				CLANG_WARN_BOOL_CONVERSION = YES;
				CLANG_WARN_COMMA = YES;
				CLANG_WARN_CONSTANT_CONVERSION = YES;
				CLANG_WARN_DIRECT_OBJC_ISA_USAGE = YES_ERROR;
				CLANG_WARN_DOCUMENTATION_COMMENTS = YES;
				CLANG_WARN_EMPTY_BODY = YES;
				CLANG_WARN_ENUM_CONVERSION = YES;
				CLANG_WARN_INFINITE_RECURSION = YES;
				CLANG_WARN_INT_CONVERSION = YES;
				CLANG_WARN_NON_LITERAL_NULL_CONVERSION = YES;
				CLANG_WARN_OBJC_LITERAL_CONVERSION = YES;
				CLANG_WARN_OBJC_ROOT_CLASS = YES_ERROR;
				CLANG_WARN_RANGE_LOOP_ANALYSIS = YES;
				CLANG_WARN_STRICT_PROTOTYPES = YES;
				CLANG_WARN_SUSPICIOUS_MOVE = YES;
				CLANG_WARN_UNGUARDED_AVAILABILITY = YES_AGGRESSIVE;
				CLANG_WARN_UNREACHABLE_CODE = YES;
				CLANG_WARN__DUPLICATE_METHOD_MATCH = YES;
				CODE_SIGN_IDENTITY = "-";
				COPY_PHASE_STRIP = NO;
				DEBUG_INFORMATION_FORMAT = "dwarf-with-dsym";
				ENABLE_NS_ASSERTIONS = NO;
				ENABLE_STRICT_OBJC_MSGSEND = YES;
				GCC_C_LANGUAGE_STANDARD = gnu11;
				GCC_NO_COMMON_BLOCKS = YES;
				GCC_WARN_64_TO_32_BIT_CONVERSION = YES;
				GCC_WARN_ABOUT_RETURN_TYPE = YES_ERROR;
				GCC_WARN_UNDECLARED_SELECTOR = YES;
				GCC_WARN_UNINITIALIZED_AUTOS = YES_AGGRESSIVE;
				GCC_WARN_UNUSED_FUNCTION = YES;
				GCC_WARN_UNUSED_VARIABLE = YES;
				MACOSX_DEPLOYMENT_TARGET = 10.13;
				MTL_ENABLE_DEBUG_INFO = NO;
				SDKROOT = macosx;
			};
			name = Release;
		};
		B13457112059A59700F46F2E /* Debug */ = {
			isa = XCBuildConfiguration;
			buildSettings = {
				CODE_SIGN_STYLE = Automatic;
				PRODUCT_NAME = "$(TARGET_NAME)";
			};
			name = Debug;
		};
		B13457122059A59700F46F2E /* Release */ = {
			isa = XCBuildConfiguration;
			buildSettings = {
				CODE_SIGN_STYLE = Automatic;
				PRODUCT_NAME = "$(TARGET_NAME)";
			};
			name = Release;
		};
/* End XCBuildConfiguration section */

/* Begin XCConfigurationList section */
		B13457042059A59700F46F2E /* Build configuration list for PBXProject "LaboratoryWorks1" */ = {
			isa = XCConfigurationList;
			buildConfigurations = (
				B134570E2059A59700F46F2E /* Debug */,
				B134570F2059A59700F46F2E /* Release */,
			);
			defaultConfigurationIsVisible = 0;
			defaultConfigurationName = Release;
		};
		B13457102059A59700F46F2E /* Build configuration list for PBXNativeTarget "LaboratoryWorks1" */ = {
			isa = XCConfigurationList;
			buildConfigurations = (
				B13457112059A59700F46F2E /* Debug */,
				B13457122059A59700F46F2E /* Release */,
			);
			defaultConfigurationIsVisible = 0;
			defaultConfigurationName = Release;
		};
/* End XCConfigurationList section */
	};
	rootObject = B13457012059A59700F46F2E /* Project object */;
}
